
Microsoft Visual Studio Solution File, Format Version 12.00
# Visual Studio Version 17
VisualStudioVersion = 17.3.32929.385
MinimumVisualStudioVersion = 10.0.40219.1
Project("{FAE04EC0-301F-11D3-BF4B-00C04F79EFBC}") = "C_Sharp_Scripting", "C_Sharp_Scripting\C_Sharp_Scripting.csproj", "{B27B848C-5C2D-405C-B041-DADB81AC42D3}"
EndProject
Global
	GlobalSection(SolutionConfigurationPlatforms) = preSolution
		Debug|Any CPU = Debug|Any CPU
		Release|Any CPU = Release|Any CPU
	EndGlobalSection
	GlobalSection(ProjectConfigurationPlatforms) = postSolution
		{B27B848C-5C2D-405C-B041-DADB81AC42D3}.Debug|Any CPU.ActiveCfg = Debug|Any CPU
		{B27B848C-5C2D-405C-B041-DADB81AC42D3}.Debug|Any CPU.Build.0 = Debug|Any CPU
		{B27B848C-5C2D-405C-B041-DADB81AC42D3}.Release|Any CPU.ActiveCfg = Release|Any CPU
		{B27B848C-5C2D-405C-B041-DADB81AC42D3}.Release|Any CPU.Build.0 = Release|Any CPU
	EndGlobalSection
	GlobalSection(SolutionProperties) = preSolution
		HideSolutionNode = FALSE
	EndGlobalSection
	GlobalSection(ExtensibilityGlobals) = postSolution
		SolutionGuid = {555D64D9-7C4E-40B2-88C1-ADDBF3FC0179}
	EndGlobalSection
EndGlobal
