
Microsoft Visual Studio Solution File, Format Version 12.00
# Visual Studio Version 17
VisualStudioVersion = 17.4.33110.190
MinimumVisualStudioVersion = 10.0.40219.1
Project("{9A19103F-16F7-4668-BE54-9A1E7A4F7556}") = "IronPythonExample", "IronPythonExample\IronPythonExample.csproj", "{E023CEDB-C25F-4ECC-8609-93AE2AA25C88}"
EndProject
Project("{9A19103F-16F7-4668-BE54-9A1E7A4F7556}") = "LuaExample", "LuaExample\LuaExample.csproj", "{972BFCFA-2589-402F-ABB7-079B71DA2E23}"
EndProject
Project("{9A19103F-16F7-4668-BE54-9A1E7A4F7556}") = "IronPythonVsLua", "IronPythonVsLua\IronPythonVsLua.csproj", "{43FE38FF-1277-47C5-A588-34A01E92931B}"
EndProject
Project("{9A19103F-16F7-4668-BE54-9A1E7A4F7556}") = "JavascriptExample", "JavascriptExample\JavascriptExample.csproj", "{8812C264-EED8-4231-8429-4A6657658D58}"
EndProject
Project("{FAE04EC0-301F-11D3-BF4B-00C04F79EFBC}") = "C_SharpExample", "C_SharpExample\C_SharpExample.csproj", "{C0CA8644-85C1-4A99-B29F-867E11B0464A}"
EndProject
Global
	GlobalSection(SolutionConfigurationPlatforms) = preSolution
		Debug|Any CPU = Debug|Any CPU
		Release|Any CPU = Release|Any CPU
	EndGlobalSection
	GlobalSection(ProjectConfigurationPlatforms) = postSolution
		{E023CEDB-C25F-4ECC-8609-93AE2AA25C88}.Debug|Any CPU.ActiveCfg = Debug|Any CPU
		{E023CEDB-C25F-4ECC-8609-93AE2AA25C88}.Debug|Any CPU.Build.0 = Debug|Any CPU
		{E023CEDB-C25F-4ECC-8609-93AE2AA25C88}.Release|Any CPU.ActiveCfg = Release|Any CPU
		{E023CEDB-C25F-4ECC-8609-93AE2AA25C88}.Release|Any CPU.Build.0 = Release|Any CPU
		{972BFCFA-2589-402F-ABB7-079B71DA2E23}.Debug|Any CPU.ActiveCfg = Debug|Any CPU
		{972BFCFA-2589-402F-ABB7-079B71DA2E23}.Debug|Any CPU.Build.0 = Debug|Any CPU
		{972BFCFA-2589-402F-ABB7-079B71DA2E23}.Release|Any CPU.ActiveCfg = Release|Any CPU
		{972BFCFA-2589-402F-ABB7-079B71DA2E23}.Release|Any CPU.Build.0 = Release|Any CPU
		{43FE38FF-1277-47C5-A588-34A01E92931B}.Debug|Any CPU.ActiveCfg = Debug|Any CPU
		{43FE38FF-1277-47C5-A588-34A01E92931B}.Debug|Any CPU.Build.0 = Debug|Any CPU
		{43FE38FF-1277-47C5-A588-34A01E92931B}.Release|Any CPU.ActiveCfg = Release|Any CPU
		{43FE38FF-1277-47C5-A588-34A01E92931B}.Release|Any CPU.Build.0 = Release|Any CPU
		{8812C264-EED8-4231-8429-4A6657658D58}.Debug|Any CPU.ActiveCfg = Debug|Any CPU
		{8812C264-EED8-4231-8429-4A6657658D58}.Debug|Any CPU.Build.0 = Debug|Any CPU
		{8812C264-EED8-4231-8429-4A6657658D58}.Release|Any CPU.ActiveCfg = Release|Any CPU
		{8812C264-EED8-4231-8429-4A6657658D58}.Release|Any CPU.Build.0 = Release|Any CPU
		{C0CA8644-85C1-4A99-B29F-867E11B0464A}.Debug|Any CPU.ActiveCfg = Debug|Any CPU
		{C0CA8644-85C1-4A99-B29F-867E11B0464A}.Debug|Any CPU.Build.0 = Debug|Any CPU
		{C0CA8644-85C1-4A99-B29F-867E11B0464A}.Release|Any CPU.ActiveCfg = Release|Any CPU
		{C0CA8644-85C1-4A99-B29F-867E11B0464A}.Release|Any CPU.Build.0 = Release|Any CPU
	EndGlobalSection
	GlobalSection(SolutionProperties) = preSolution
		HideSolutionNode = FALSE
	EndGlobalSection
	GlobalSection(ExtensibilityGlobals) = postSolution
		SolutionGuid = {9041CE2F-68F7-41F7-A222-0576C0CEF62D}
	EndGlobalSection
EndGlobal
